// !$*UTF8*$!
{
	archiveVersion = 1;
	classes = {
	};
	objectVersion = 50;
	objects = {

/* Begin PBXBuildFile section */
		A7B783DD2473D7D4000D90F8 /* AppDelegate.swift in Sources */ = {isa = PBXBuildFile; fileRef = A7B783DC2473D7D4000D90F8 /* AppDelegate.swift */; };
		A7B783DF2473D7D4000D90F8 /* SceneDelegate.swift in Sources */ = {isa = PBXBuildFile; fileRef = A7B783DE2473D7D4000D90F8 /* SceneDelegate.swift */; };
		A7B783E12473D7D4000D90F8 /* ViewController.swift in Sources */ = {isa = PBXBuildFile; fileRef = A7B783E02473D7D4000D90F8 /* ViewController.swift */; };
		A7B783E42473D7D4000D90F8 /* Main.storyboard in Resources */ = {isa = PBXBuildFile; fileRef = A7B783E22473D7D4000D90F8 /* Main.storyboard */; };
		A7B783E62473D7D5000D90F8 /* Assets.xcassets in Resources */ = {isa = PBXBuildFile; fileRef = A7B783E52473D7D5000D90F8 /* Assets.xcassets */; };
		A7B783E92473D7D5000D90F8 /* LaunchScreen.storyboard in Resources */ = {isa = PBXBuildFile; fileRef = A7B783E72473D7D5000D90F8 /* LaunchScreen.storyboard */; };
		A7B783F22473D819000D90F8 /* TableView.swift in Sources */ = {isa = PBXBuildFile; fileRef = A7B783F12473D819000D90F8 /* TableView.swift */; };
		A7B783F42473D870000D90F8 /* AutoLayout+.swift in Sources */ = {isa = PBXBuildFile; fileRef = A7B783F32473D870000D90F8 /* AutoLayout+.swift */; };
		A7B783F62473D98F000D90F8 /* TitleCell.swift in Sources */ = {isa = PBXBuildFile; fileRef = A7B783F52473D98F000D90F8 /* TitleCell.swift */; };
		A7B783F92473DB60000D90F8 /* SectionProvider.swift in Sources */ = {isa = PBXBuildFile; fileRef = A7B783F82473DB60000D90F8 /* SectionProvider.swift */; };
		A7B783FC2473E187000D90F8 /* Numbers.swift in Sources */ = {isa = PBXBuildFile; fileRef = A7B783FB2473E187000D90F8 /* Numbers.swift */; };
		A7B783FE2473E691000D90F8 /* Characters.swift in Sources */ = {isa = PBXBuildFile; fileRef = A7B783FD2473E691000D90F8 /* Characters.swift */; };
		A7B784002473E7DA000D90F8 /* SubTitleCell.swift in Sources */ = {isa = PBXBuildFile; fileRef = A7B783FF2473E7DA000D90F8 /* SubTitleCell.swift */; };
/* End PBXBuildFile section */

/* Begin PBXFileReference section */
		A7B783D92473D7D4000D90F8 /* SectionProvider_Demo.app */ = {isa = PBXFileReference; explicitFileType = wrapper.application; includeInIndex = 0; path = SectionProvider_Demo.app; sourceTree = BUILT_PRODUCTS_DIR; };
		A7B783DC2473D7D4000D90F8 /* AppDelegate.swift */ = {isa = PBXFileReference; lastKnownFileType = sourcecode.swift; path = AppDelegate.swift; sourceTree = "<group>"; };
		A7B783DE2473D7D4000D90F8 /* SceneDelegate.swift */ = {isa = PBXFileReference; lastKnownFileType = sourcecode.swift; path = SceneDelegate.swift; sourceTree = "<group>"; };
		A7B783E02473D7D4000D90F8 /* ViewController.swift */ = {isa = PBXFileReference; lastKnownFileType = sourcecode.swift; path = ViewController.swift; sourceTree = "<group>"; };
		A7B783E32473D7D4000D90F8 /* Base */ = {isa = PBXFileReference; lastKnownFileType = file.storyboard; name = Base; path = Base.lproj/Main.storyboard; sourceTree = "<group>"; };
		A7B783E52473D7D5000D90F8 /* Assets.xcassets */ = {isa = PBXFileReference; lastKnownFileType = folder.assetcatalog; path = Assets.xcassets; sourceTree = "<group>"; };
		A7B783E82473D7D5000D90F8 /* Base */ = {isa = PBXFileReference; lastKnownFileType = file.storyboard; name = Base; path = Base.lproj/LaunchScreen.storyboard; sourceTree = "<group>"; };
		A7B783EA2473D7D5000D90F8 /* Info.plist */ = {isa = PBXFileReference; lastKnownFileType = text.plist.xml; path = Info.plist; sourceTree = "<group>"; };
		A7B783F12473D819000D90F8 /* TableView.swift */ = {isa = PBXFileReference; lastKnownFileType = sourcecode.swift; path = TableView.swift; sourceTree = "<group>"; };
		A7B783F32473D870000D90F8 /* AutoLayout+.swift */ = {isa = PBXFileReference; lastKnownFileType = sourcecode.swift; path = "AutoLayout+.swift"; sourceTree = "<group>"; };
		A7B783F52473D98F000D90F8 /* TitleCell.swift */ = {isa = PBXFileReference; lastKnownFileType = sourcecode.swift; path = TitleCell.swift; sourceTree = "<group>"; };
		A7B783F82473DB60000D90F8 /* SectionProvider.swift */ = {isa = PBXFileReference; lastKnownFileType = sourcecode.swift; path = SectionProvider.swift; sourceTree = "<group>"; };
		A7B783FB2473E187000D90F8 /* Numbers.swift */ = {isa = PBXFileReference; lastKnownFileType = sourcecode.swift; path = Numbers.swift; sourceTree = "<group>"; };
		A7B783FD2473E691000D90F8 /* Characters.swift */ = {isa = PBXFileReference; lastKnownFileType = sourcecode.swift; path = Characters.swift; sourceTree = "<group>"; };
		A7B783FF2473E7DA000D90F8 /* SubTitleCell.swift */ = {isa = PBXFileReference; lastKnownFileType = sourcecode.swift; path = SubTitleCell.swift; sourceTree = "<group>"; };
/* End PBXFileReference section */

/* Begin PBXFrameworksBuildPhase section */
		A7B783D62473D7D4000D90F8 /* Frameworks */ = {
			isa = PBXFrameworksBuildPhase;
			buildActionMask = 2147483647;
			files = (
			);
			runOnlyForDeploymentPostprocessing = 0;
		};
/* End PBXFrameworksBuildPhase section */

/* Begin PBXGroup section */
		A7B783D02473D7D4000D90F8 = {
			isa = PBXGroup;
			children = (
				A7B783DB2473D7D4000D90F8 /* SectionProvider_Demo */,
				A7B783DA2473D7D4000D90F8 /* Products */,
			);
			sourceTree = "<group>";
		};
		A7B783DA2473D7D4000D90F8 /* Products */ = {
			isa = PBXGroup;
			children = (
				A7B783D92473D7D4000D90F8 /* SectionProvider_Demo.app */,
			);
			name = Products;
			sourceTree = "<group>";
		};
		A7B783DB2473D7D4000D90F8 /* SectionProvider_Demo */ = {
			isa = PBXGroup;
			children = (
				A7B783DC2473D7D4000D90F8 /* AppDelegate.swift */,
				A7B783DE2473D7D4000D90F8 /* SceneDelegate.swift */,
				A7B783E02473D7D4000D90F8 /* ViewController.swift */,
				A7B783FA2473E164000D90F8 /* Model */,
				A7B783F72473DB4E000D90F8 /* SectionProviders */,
				A7B783F02473D80C000D90F8 /* TableView */,
				A7B783E22473D7D4000D90F8 /* Main.storyboard */,
				A7B783E52473D7D5000D90F8 /* Assets.xcassets */,
				A7B783E72473D7D5000D90F8 /* LaunchScreen.storyboard */,
				A7B783EA2473D7D5000D90F8 /* Info.plist */,
			);
			path = SectionProvider_Demo;
			sourceTree = "<group>";
		};
		A7B783F02473D80C000D90F8 /* TableView */ = {
			isa = PBXGroup;
			children = (
				A7B783F12473D819000D90F8 /* TableView.swift */,
				A7B783F52473D98F000D90F8 /* TitleCell.swift */,
				A7B783FF2473E7DA000D90F8 /* SubTitleCell.swift */,
				A7B783F32473D870000D90F8 /* AutoLayout+.swift */,
			);
			path = TableView;
			sourceTree = "<group>";
		};
		A7B783F72473DB4E000D90F8 /* SectionProviders */ = {
			isa = PBXGroup;
			children = (
				A7B783F82473DB60000D90F8 /* SectionProvider.swift */,
			);
			path = SectionProviders;
			sourceTree = "<group>";
		};
		A7B783FA2473E164000D90F8 /* Model */ = {
			isa = PBXGroup;
			children = (
				A7B783FB2473E187000D90F8 /* Numbers.swift */,
				A7B783FD2473E691000D90F8 /* Characters.swift */,
			);
			path = Model;
			sourceTree = "<group>";
		};
/* End PBXGroup section */

/* Begin PBXNativeTarget section */
		A7B783D82473D7D4000D90F8 /* SectionProvider_Demo */ = {
			isa = PBXNativeTarget;
			buildConfigurationList = A7B783ED2473D7D5000D90F8 /* Build configuration list for PBXNativeTarget "SectionProvider_Demo" */;
			buildPhases = (
				A7B783D52473D7D4000D90F8 /* Sources */,
				A7B783D62473D7D4000D90F8 /* Frameworks */,
				A7B783D72473D7D4000D90F8 /* Resources */,
			);
			buildRules = (
			);
			dependencies = (
			);
			name = SectionProvider_Demo;
			productName = SectionProvider_Demo;
			productReference = A7B783D92473D7D4000D90F8 /* SectionProvider_Demo.app */;
			productType = "com.apple.product-type.application";
		};
/* End PBXNativeTarget section */

/* Begin PBXProject section */
		A7B783D12473D7D4000D90F8 /* Project object */ = {
			isa = PBXProject;
			attributes = {
				LastSwiftUpdateCheck = 1140;
				LastUpgradeCheck = 1140;
				ORGANIZATIONNAME = "游宗諭";
				TargetAttributes = {
					A7B783D82473D7D4000D90F8 = {
						CreatedOnToolsVersion = 11.4;
					};
				};
			};
			buildConfigurationList = A7B783D42473D7D4000D90F8 /* Build configuration list for PBXProject "SectionProvider_Demo" */;
			compatibilityVersion = "Xcode 9.3";
			developmentRegion = en;
			hasScannedForEncodings = 0;
			knownRegions = (
				en,
				Base,
			);
			mainGroup = A7B783D02473D7D4000D90F8;
			productRefGroup = A7B783DA2473D7D4000D90F8 /* Products */;
			projectDirPath = "";
			projectRoot = "";
			targets = (
				A7B783D82473D7D4000D90F8 /* SectionProvider_Demo */,
			);
		};
/* End PBXProject section */

/* Begin PBXResourcesBuildPhase section */
		A7B783D72473D7D4000D90F8 /* Resources */ = {
			isa = PBXResourcesBuildPhase;
			buildActionMask = 2147483647;
			files = (
				A7B783E92473D7D5000D90F8 /* LaunchScreen.storyboard in Resources */,
				A7B783E62473D7D5000D90F8 /* Assets.xcassets in Resources */,
				A7B783E42473D7D4000D90F8 /* Main.storyboard in Resources */,
			);
			runOnlyForDeploymentPostprocessing = 0;
		};
/* End PBXResourcesBuildPhase section */

/* Begin PBXSourcesBuildPhase section */
		A7B783D52473D7D4000D90F8 /* Sources */ = {
			isa = PBXSourcesBuildPhase;
			buildActionMask = 2147483647;
			files = (
				A7B783F62473D98F000D90F8 /* TitleCell.swift in Sources */,
				A7B783E12473D7D4000D90F8 /* ViewController.swift in Sources */,
				A7B783F42473D870000D90F8 /* AutoLayout+.swift in Sources */,
				A7B783F92473DB60000D90F8 /* SectionProvider.swift in Sources */,
				A7B783FE2473E691000D90F8 /* Characters.swift in Sources */,
				A7B783FC2473E187000D90F8 /* Numbers.swift in Sources */,
				A7B783F22473D819000D90F8 /* TableView.swift in Sources */,
				A7B783DD2473D7D4000D90F8 /* AppDelegate.swift in Sources */,
				A7B783DF2473D7D4000D90F8 /* SceneDelegate.swift in Sources */,
				A7B784002473E7DA000D90F8 /* SubTitleCell.swift in Sources */,
			);
			runOnlyForDeploymentPostprocessing = 0;
		};
/* End PBXSourcesBuildPhase section */

/* Begin PBXVariantGroup section */
		A7B783E22473D7D4000D90F8 /* Main.storyboard */ = {
			isa = PBXVariantGroup;
			children = (
				A7B783E32473D7D4000D90F8 /* Base */,
			);
			name = Main.storyboard;
			sourceTree = "<group>";
		};
		A7B783E72473D7D5000D90F8 /* LaunchScreen.storyboard */ = {
			isa = PBXVariantGroup;
			children = (
				A7B783E82473D7D5000D90F8 /* Base */,
			);
			name = LaunchScreen.storyboard;
			sourceTree = "<group>";
		};
/* End PBXVariantGroup section */

/* Begin XCBuildConfiguration section */
		A7B783EB2473D7D5000D90F8 /* Debug */ = {
			isa = XCBuildConfiguration;
			buildSettings = {
				ALWAYS_SEARCH_USER_PATHS = NO;
				CLANG_ANALYZER_NONNULL = YES;
				CLANG_ANALYZER_NUMBER_OBJECT_CONVERSION = YES_AGGRESSIVE;
				CLANG_CXX_LANGUAGE_STANDARD = "gnu++14";
				CLANG_CXX_LIBRARY = "libc++";
				CLANG_ENABLE_MODULES = YES;
				CLANG_ENABLE_OBJC_ARC = YES;
				CLANG_ENABLE_OBJC_WEAK = YES;
				CLANG_WARN_BLOCK_CAPTURE_AUTORELEASING = YES;
				CLANG_WARN_BOOL_CONVERSION = YES;
				CLANG_WARN_COMMA = YES;
				CLANG_WARN_CONSTANT_CONVERSION = YES;
				CLANG_WARN_DEPRECATED_OBJC_IMPLEMENTATIONS = YES;
				CLANG_WARN_DIRECT_OBJC_ISA_USAGE = YES_ERROR;
				CLANG_WARN_DOCUMENTATION_COMMENTS = YES;
				CLANG_WARN_EMPTY_BODY = YES;
				CLANG_WARN_ENUM_CONVERSION = YES;
				CLANG_WARN_INFINITE_RECURSION = YES;
				CLANG_WARN_INT_CONVERSION = YES;
				CLANG_WARN_NON_LITERAL_NULL_CONVERSION = YES;
				CLANG_WARN_OBJC_IMPLICIT_RETAIN_SELF = YES;
				CLANG_WARN_OBJC_LITERAL_CONVERSION = YES;
				CLANG_WARN_OBJC_ROOT_CLASS = YES_ERROR;
				CLANG_WARN_RANGE_LOOP_ANALYSIS = YES;
				CLANG_WARN_STRICT_PROTOTYPES = YES;
				CLANG_WARN_SUSPICIOUS_MOVE = YES;
				CLANG_WARN_UNGUARDED_AVAILABILITY = YES_AGGRESSIVE;
				CLANG_WARN_UNREACHABLE_CODE = YES;
				CLANG_WARN__DUPLICATE_METHOD_MATCH = YES;
				COPY_PHASE_STRIP = NO;
				DEBUG_INFORMATION_FORMAT = dwarf;
				ENABLE_STRICT_OBJC_MSGSEND = YES;
				ENABLE_TESTABILITY = YES;
				GCC_C_LANGUAGE_STANDARD = gnu11;
				GCC_DYNAMIC_NO_PIC = NO;
				GCC_NO_COMMON_BLOCKS = YES;
				GCC_OPTIMIZATION_LEVEL = 0;
				GCC_PREPROCESSOR_DEFINITIONS = (
					"DEBUG=1",
					"$(inherited)",
				);
				GCC_WARN_64_TO_32_BIT_CONVERSION = YES;
				GCC_WARN_ABOUT_RETURN_TYPE = YES_ERROR;
				GCC_WARN_UNDECLARED_SELECTOR = YES;
				GCC_WARN_UNINITIALIZED_AUTOS = YES_AGGRESSIVE;
				GCC_WARN_UNUSED_FUNCTION = YES;
				GCC_WARN_UNUSED_VARIABLE = YES;
				IPHONEOS_DEPLOYMENT_TARGET = 13.4;
				MTL_ENABLE_DEBUG_INFO = INCLUDE_SOURCE;
				MTL_FAST_MATH = YES;
				ONLY_ACTIVE_ARCH = YES;
				SDKROOT = iphoneos;
				SWIFT_ACTIVE_COMPILATION_CONDITIONS = DEBUG;
				SWIFT_OPTIMIZATION_LEVEL = "-Onone";
			};
			name = Debug;
		};
		A7B783EC2473D7D5000D90F8 /* Release */ = {
			isa = XCBuildConfiguration;
			buildSettings = {
				ALWAYS_SEARCH_USER_PATHS = NO;
				CLANG_ANALYZER_NONNULL = YES;
				CLANG_ANALYZER_NUMBER_OBJECT_CONVERSION = YES_AGGRESSIVE;
				CLANG_CXX_LANGUAGE_STANDARD = "gnu++14";
				CLANG_CXX_LIBRARY = "libc++";
				CLANG_ENABLE_MODULES = YES;
				CLANG_ENABLE_OBJC_ARC = YES;
				CLANG_ENABLE_OBJC_WEAK = YES;
				CLANG_WARN_BLOCK_CAPTURE_AUTORELEASING = YES;
				CLANG_WARN_BOOL_CONVERSION = YES;
				CLANG_WARN_COMMA = YES;
				CLANG_WARN_CONSTANT_CONVERSION = YES;
				CLANG_WARN_DEPRECATED_OBJC_IMPLEMENTATIONS = YES;
				CLANG_WARN_DIRECT_OBJC_ISA_USAGE = YES_ERROR;
				CLANG_WARN_DOCUMENTATION_COMMENTS = YES;
				CLANG_WARN_EMPTY_BODY = YES;
				CLANG_WARN_ENUM_CONVERSION = YES;
				CLANG_WARN_INFINITE_RECURSION = YES;
				CLANG_WARN_INT_CONVERSION = YES;
				CLANG_WARN_NON_LITERAL_NULL_CONVERSION = YES;
				CLANG_WARN_OBJC_IMPLICIT_RETAIN_SELF = YES;
				CLANG_WARN_OBJC_LITERAL_CONVERSION = YES;
				CLANG_WARN_OBJC_ROOT_CLASS = YES_ERROR;
				CLANG_WARN_RANGE_LOOP_ANALYSIS = YES;
				CLANG_WARN_STRICT_PROTOTYPES = YES;
				CLANG_WARN_SUSPICIOUS_MOVE = YES;
				CLANG_WARN_UNGUARDED_AVAILABILITY = YES_AGGRESSIVE;
				CLANG_WARN_UNREACHABLE_CODE = YES;
				CLANG_WARN__DUPLICATE_METHOD_MATCH = YES;
				COPY_PHASE_STRIP = NO;
				DEBUG_INFORMATION_FORMAT = "dwarf-with-dsym";
				ENABLE_NS_ASSERTIONS = NO;
				ENABLE_STRICT_OBJC_MSGSEND = YES;
				GCC_C_LANGUAGE_STANDARD = gnu11;
				GCC_NO_COMMON_BLOCKS = YES;
				GCC_WARN_64_TO_32_BIT_CONVERSION = YES;
				GCC_WARN_ABOUT_RETURN_TYPE = YES_ERROR;
				GCC_WARN_UNDECLARED_SELECTOR = YES;
				GCC_WARN_UNINITIALIZED_AUTOS = YES_AGGRESSIVE;
				GCC_WARN_UNUSED_FUNCTION = YES;
				GCC_WARN_UNUSED_VARIABLE = YES;
				IPHONEOS_DEPLOYMENT_TARGET = 13.4;
				MTL_ENABLE_DEBUG_INFO = NO;
				MTL_FAST_MATH = YES;
				SDKROOT = iphoneos;
				SWIFT_COMPILATION_MODE = wholemodule;
				SWIFT_OPTIMIZATION_LEVEL = "-O";
				VALIDATE_PRODUCT = YES;
			};
			name = Release;
		};
		A7B783EE2473D7D5000D90F8 /* Debug */ = {
			isa = XCBuildConfiguration;
			buildSettings = {
				ASSETCATALOG_COMPILER_APPICON_NAME = AppIcon;
				CODE_SIGN_STYLE = Automatic;
				DEVELOPMENT_TEAM = 3AMPL46LPV;
				INFOPLIST_FILE = SectionProvider_Demo/Info.plist;
				LD_RUNPATH_SEARCH_PATHS = (
					"$(inherited)",
					"@executable_path/Frameworks",
				);
				PRODUCT_BUNDLE_IDENTIFIER = "com.ytyubox.SectionProvider-Demo";
				PRODUCT_NAME = "$(TARGET_NAME)";
				SWIFT_VERSION = 5.0;
				TARGETED_DEVICE_FAMILY = "1,2";
			};
			name = Debug;
		};
		A7B783EF2473D7D5000D90F8 /* Release */ = {
			isa = XCBuildConfiguration;
			buildSettings = {
				ASSETCATALOG_COMPILER_APPICON_NAME = AppIcon;
				CODE_SIGN_STYLE = Automatic;
				DEVELOPMENT_TEAM = 3AMPL46LPV;
				INFOPLIST_FILE = SectionProvider_Demo/Info.plist;
				LD_RUNPATH_SEARCH_PATHS = (
					"$(inherited)",
					"@executable_path/Frameworks",
				);
				PRODUCT_BUNDLE_IDENTIFIER = "com.ytyubox.SectionProvider-Demo";
				PRODUCT_NAME = "$(TARGET_NAME)";
				SWIFT_VERSION = 5.0;
				TARGETED_DEVICE_FAMILY = "1,2";
			};
			name = Release;
		};
/* End XCBuildConfiguration section */

/* Begin XCConfigurationList section */
		A7B783D42473D7D4000D90F8 /* Build configuration list for PBXProject "SectionProvider_Demo" */ = {
			isa = XCConfigurationList;
			buildConfigurations = (
				A7B783EB2473D7D5000D90F8 /* Debug */,
				A7B783EC2473D7D5000D90F8 /* Release */,
			);
			defaultConfigurationIsVisible = 0;
			defaultConfigurationName = Release;
		};
		A7B783ED2473D7D5000D90F8 /* Build configuration list for PBXNativeTarget "SectionProvider_Demo" */ = {
			isa = XCConfigurationList;
			buildConfigurations = (
				A7B783EE2473D7D5000D90F8 /* Debug */,
				A7B783EF2473D7D5000D90F8 /* Release */,
			);
			defaultConfigurationIsVisible = 0;
			defaultConfigurationName = Release;
		};
/* End XCConfigurationList section */
	};
	rootObject = A7B783D12473D7D4000D90F8 /* Project object */;
}
